github.com/felicianotech/sonar v0.14.1 h1:kwKAMF/UsvSitG0GnGCXLAHql87xg1ODMo7OEpTcplw=
github.com/felicianotech/sonar v0.14.1/go.mod h1:Pas57TH8jHpsTFoaN2pfGudDKf0HAYn3XMqarC5uoC0=
github.com/felicianotech/sonar v0.18.0 h1:DiQFiQB089IV+u9xSy039TMs1PS7w8Bjuz0S6MK4Pwo=
github.com/felicianotech/sonar v0.18.0/go.mod h1:DosGu0/XJOli3yBpcrL1WfayOJlmspHr5YpbQO/rYoQ=
